
Microsoft Visual Studio Solution File, Format Version 12.00
# Visual Studio 15
Project("{FAE04EC0-301F-11D3-BF4B-00C04F79EFBC}") = "EnsuringTruthC_Estefany-Pedro", "EnsuringTruthC_Estefany-Pedro\EnsuringTruthC_Estefany-Pedro.csproj", "{4C9D0604-FE13-4C21-BAA7-E5D761BB36CA}"
EndProject
Global
	GlobalSection(SolutionConfigurationPlatforms) = preSolution
		Debug|anycpu = Debug|anycpu
		Release|anycpu = Release|anycpu
	EndGlobalSection
	GlobalSection(ProjectConfigurationPlatforms) = postSolution
		{4C9D0604-FE13-4C21-BAA7-E5D761BB36CA}.Debug|anycpu.ActiveCfg = Debug|anycpu
		{4C9D0604-FE13-4C21-BAA7-E5D761BB36CA}.Debug|anycpu.Build.0 = Debug|anycpu
		{4C9D0604-FE13-4C21-BAA7-E5D761BB36CA}.Release|anycpu.ActiveCfg = Release|anycpu
		{4C9D0604-FE13-4C21-BAA7-E5D761BB36CA}.Release|anycpu.Build.0 = Release|anycpu
	EndGlobalSection
EndGlobal
